
Microsoft Visual Studio Solution File, Format Version 12.00
# Visual Studio Version 17
VisualStudioVersion = 17.10.35027.167
MinimumVisualStudioVersion = 10.0.40219.1
Project("{8BC9CEB8-8B4A-11D0-8D11-00A0C91BC942}") = "RLE", "RLE\RLE.vcxproj", "{F21B1084-33BE-4655-B774-E81AA3B85283}"
EndProject
Project("{8BC9CEB8-8B4A-11D0-8D11-00A0C91BC942}") = "Ceasar", "Ceasar\Ceasar.vcxproj", "{03D350D3-75F7-4541-A49E-AA35CBFF7F40}"
EndProject
Project("{8BC9CEB8-8B4A-11D0-8D11-00A0C91BC942}") = "GreatestCommonDivisor", "GreatestCommonDivisor\GreatestCommonDivisor.vcxproj", "{6C108665-1A0D-486F-B88D-FA1F950186AE}"
EndProject
Project("{8BC9CEB8-8B4A-11D0-8D11-00A0C91BC942}") = "LeastCommonMultiple", "LeastCommonMultiple\LeastCommonMultiple.vcxproj", "{4B0FA357-DB05-4826-BEAF-9ADCAEF0A7FB}"
EndProject
Project("{8BC9CEB8-8B4A-11D0-8D11-00A0C91BC942}") = "SimpleSubstitutionAlgorithm", "SimpleSubstitutionAlgorithm\SimpleSubstitutionAlgorithm.vcxproj", "{93BC9DB1-77AC-420D-B74F-94A57ACECA07}"
EndProject
Project("{8BC9CEB8-8B4A-11D0-8D11-00A0C91BC942}") = "RowsColumns", "RowsColumns\RowsColumns.vcxproj", "{04AF4158-ED80-4E3A-9D67-CBAD723DF828}"
EndProject
Project("{8BC9CEB8-8B4A-11D0-8D11-00A0C91BC942}") = "MissedNumber", "MissedNumber\MissedNumber.vcxproj", "{F7EBED3E-830E-4B77-AE0E-89DEA7788894}"
EndProject
Project("{8BC9CEB8-8B4A-11D0-8D11-00A0C91BC942}") = "MixEncryptionAndDecryption", "MixEncryptionAndDecryption\MixEncryptionAndDecryption.vcxproj", "{73B7D4D0-FD33-42F1-8ACA-4D86BAB7A1B7}"
EndProject
Project("{8BC9CEB8-8B4A-11D0-8D11-00A0C91BC942}") = "LZ77", "LZ77\LZ77.vcxproj", "{3445772B-E3FF-4826-8F6E-A54CDAB6E255}"
EndProject
Project("{8BC9CEB8-8B4A-11D0-8D11-00A0C91BC942}") = "Client", "..\Client-Server\Client\Client.vcxproj", "{29845454-472C-4F3C-A2FB-BFF17FA890D5}"
EndProject
Project("{8BC9CEB8-8B4A-11D0-8D11-00A0C91BC942}") = "Server", "..\Client-Server\Server\Server.vcxproj", "{13AF8609-452C-47BE-880A-7CD17B37B671}"
EndProject
Global
	GlobalSection(SolutionConfigurationPlatforms) = preSolution
		Debug|x64 = Debug|x64
		Debug|x86 = Debug|x86
		Release|x64 = Release|x64
		Release|x86 = Release|x86
	EndGlobalSection
	GlobalSection(ProjectConfigurationPlatforms) = postSolution
		{F21B1084-33BE-4655-B774-E81AA3B85283}.Debug|x64.ActiveCfg = Debug|x64
		{F21B1084-33BE-4655-B774-E81AA3B85283}.Debug|x64.Build.0 = Debug|x64
		{F21B1084-33BE-4655-B774-E81AA3B85283}.Debug|x86.ActiveCfg = Debug|Win32
		{F21B1084-33BE-4655-B774-E81AA3B85283}.Debug|x86.Build.0 = Debug|Win32
		{F21B1084-33BE-4655-B774-E81AA3B85283}.Release|x64.ActiveCfg = Release|x64
		{F21B1084-33BE-4655-B774-E81AA3B85283}.Release|x64.Build.0 = Release|x64
		{F21B1084-33BE-4655-B774-E81AA3B85283}.Release|x86.ActiveCfg = Release|Win32
		{F21B1084-33BE-4655-B774-E81AA3B85283}.Release|x86.Build.0 = Release|Win32
		{03D350D3-75F7-4541-A49E-AA35CBFF7F40}.Debug|x64.ActiveCfg = Debug|x64
		{03D350D3-75F7-4541-A49E-AA35CBFF7F40}.Debug|x64.Build.0 = Debug|x64
		{03D350D3-75F7-4541-A49E-AA35CBFF7F40}.Debug|x86.ActiveCfg = Debug|Win32
		{03D350D3-75F7-4541-A49E-AA35CBFF7F40}.Debug|x86.Build.0 = Debug|Win32
		{03D350D3-75F7-4541-A49E-AA35CBFF7F40}.Release|x64.ActiveCfg = Release|x64
		{03D350D3-75F7-4541-A49E-AA35CBFF7F40}.Release|x64.Build.0 = Release|x64
		{03D350D3-75F7-4541-A49E-AA35CBFF7F40}.Release|x86.ActiveCfg = Release|Win32
		{03D350D3-75F7-4541-A49E-AA35CBFF7F40}.Release|x86.Build.0 = Release|Win32
		{6C108665-1A0D-486F-B88D-FA1F950186AE}.Debug|x64.ActiveCfg = Debug|x64
		{6C108665-1A0D-486F-B88D-FA1F950186AE}.Debug|x64.Build.0 = Debug|x64
		{6C108665-1A0D-486F-B88D-FA1F950186AE}.Debug|x86.ActiveCfg = Debug|Win32
		{6C108665-1A0D-486F-B88D-FA1F950186AE}.Debug|x86.Build.0 = Debug|Win32
		{6C108665-1A0D-486F-B88D-FA1F950186AE}.Release|x64.ActiveCfg = Release|x64
		{6C108665-1A0D-486F-B88D-FA1F950186AE}.Release|x64.Build.0 = Release|x64
		{6C108665-1A0D-486F-B88D-FA1F950186AE}.Release|x86.ActiveCfg = Release|Win32
		{6C108665-1A0D-486F-B88D-FA1F950186AE}.Release|x86.Build.0 = Release|Win32
		{4B0FA357-DB05-4826-BEAF-9ADCAEF0A7FB}.Debug|x64.ActiveCfg = Debug|x64
		{4B0FA357-DB05-4826-BEAF-9ADCAEF0A7FB}.Debug|x64.Build.0 = Debug|x64
		{4B0FA357-DB05-4826-BEAF-9ADCAEF0A7FB}.Debug|x86.ActiveCfg = Debug|Win32
		{4B0FA357-DB05-4826-BEAF-9ADCAEF0A7FB}.Debug|x86.Build.0 = Debug|Win32
		{4B0FA357-DB05-4826-BEAF-9ADCAEF0A7FB}.Release|x64.ActiveCfg = Release|x64
		{4B0FA357-DB05-4826-BEAF-9ADCAEF0A7FB}.Release|x64.Build.0 = Release|x64
		{4B0FA357-DB05-4826-BEAF-9ADCAEF0A7FB}.Release|x86.ActiveCfg = Release|Win32
		{4B0FA357-DB05-4826-BEAF-9ADCAEF0A7FB}.Release|x86.Build.0 = Release|Win32
		{93BC9DB1-77AC-420D-B74F-94A57ACECA07}.Debug|x64.ActiveCfg = Debug|x64
		{93BC9DB1-77AC-420D-B74F-94A57ACECA07}.Debug|x64.Build.0 = Debug|x64
		{93BC9DB1-77AC-420D-B74F-94A57ACECA07}.Debug|x86.ActiveCfg = Debug|Win32
		{93BC9DB1-77AC-420D-B74F-94A57ACECA07}.Debug|x86.Build.0 = Debug|Win32
		{93BC9DB1-77AC-420D-B74F-94A57ACECA07}.Release|x64.ActiveCfg = Release|x64
		{93BC9DB1-77AC-420D-B74F-94A57ACECA07}.Release|x64.Build.0 = Release|x64
		{93BC9DB1-77AC-420D-B74F-94A57ACECA07}.Release|x86.ActiveCfg = Release|Win32
		{93BC9DB1-77AC-420D-B74F-94A57ACECA07}.Release|x86.Build.0 = Release|Win32
		{04AF4158-ED80-4E3A-9D67-CBAD723DF828}.Debug|x64.ActiveCfg = Debug|x64
		{04AF4158-ED80-4E3A-9D67-CBAD723DF828}.Debug|x64.Build.0 = Debug|x64
		{04AF4158-ED80-4E3A-9D67-CBAD723DF828}.Debug|x86.ActiveCfg = Debug|Win32
		{04AF4158-ED80-4E3A-9D67-CBAD723DF828}.Debug|x86.Build.0 = Debug|Win32
		{04AF4158-ED80-4E3A-9D67-CBAD723DF828}.Release|x64.ActiveCfg = Release|x64
		{04AF4158-ED80-4E3A-9D67-CBAD723DF828}.Release|x64.Build.0 = Release|x64
		{04AF4158-ED80-4E3A-9D67-CBAD723DF828}.Release|x86.ActiveCfg = Release|Win32
		{04AF4158-ED80-4E3A-9D67-CBAD723DF828}.Release|x86.Build.0 = Release|Win32
		{F7EBED3E-830E-4B77-AE0E-89DEA7788894}.Debug|x64.ActiveCfg = Debug|x64
		{F7EBED3E-830E-4B77-AE0E-89DEA7788894}.Debug|x64.Build.0 = Debug|x64
		{F7EBED3E-830E-4B77-AE0E-89DEA7788894}.Debug|x86.ActiveCfg = Debug|Win32
		{F7EBED3E-830E-4B77-AE0E-89DEA7788894}.Debug|x86.Build.0 = Debug|Win32
		{F7EBED3E-830E-4B77-AE0E-89DEA7788894}.Release|x64.ActiveCfg = Release|x64
		{F7EBED3E-830E-4B77-AE0E-89DEA7788894}.Release|x64.Build.0 = Release|x64
		{F7EBED3E-830E-4B77-AE0E-89DEA7788894}.Release|x86.ActiveCfg = Release|Win32
		{F7EBED3E-830E-4B77-AE0E-89DEA7788894}.Release|x86.Build.0 = Release|Win32
		{73B7D4D0-FD33-42F1-8ACA-4D86BAB7A1B7}.Debug|x64.ActiveCfg = Debug|x64
		{73B7D4D0-FD33-42F1-8ACA-4D86BAB7A1B7}.Debug|x64.Build.0 = Debug|x64
		{73B7D4D0-FD33-42F1-8ACA-4D86BAB7A1B7}.Debug|x86.ActiveCfg = Debug|Win32
		{73B7D4D0-FD33-42F1-8ACA-4D86BAB7A1B7}.Debug|x86.Build.0 = Debug|Win32
		{73B7D4D0-FD33-42F1-8ACA-4D86BAB7A1B7}.Release|x64.ActiveCfg = Release|x64
		{73B7D4D0-FD33-42F1-8ACA-4D86BAB7A1B7}.Release|x64.Build.0 = Release|x64
		{73B7D4D0-FD33-42F1-8ACA-4D86BAB7A1B7}.Release|x86.ActiveCfg = Release|Win32
		{73B7D4D0-FD33-42F1-8ACA-4D86BAB7A1B7}.Release|x86.Build.0 = Release|Win32
		{3445772B-E3FF-4826-8F6E-A54CDAB6E255}.Debug|x64.ActiveCfg = Debug|x64
		{3445772B-E3FF-4826-8F6E-A54CDAB6E255}.Debug|x64.Build.0 = Debug|x64
		{3445772B-E3FF-4826-8F6E-A54CDAB6E255}.Debug|x86.ActiveCfg = Debug|Win32
		{3445772B-E3FF-4826-8F6E-A54CDAB6E255}.Debug|x86.Build.0 = Debug|Win32
		{3445772B-E3FF-4826-8F6E-A54CDAB6E255}.Release|x64.ActiveCfg = Release|x64
		{3445772B-E3FF-4826-8F6E-A54CDAB6E255}.Release|x64.Build.0 = Release|x64
		{3445772B-E3FF-4826-8F6E-A54CDAB6E255}.Release|x86.ActiveCfg = Release|Win32
		{3445772B-E3FF-4826-8F6E-A54CDAB6E255}.Release|x86.Build.0 = Release|Win32
		{29845454-472C-4F3C-A2FB-BFF17FA890D5}.Debug|x64.ActiveCfg = Debug|x64
		{29845454-472C-4F3C-A2FB-BFF17FA890D5}.Debug|x64.Build.0 = Debug|x64
		{29845454-472C-4F3C-A2FB-BFF17FA890D5}.Debug|x86.ActiveCfg = Debug|Win32
		{29845454-472C-4F3C-A2FB-BFF17FA890D5}.Debug|x86.Build.0 = Debug|Win32
		{29845454-472C-4F3C-A2FB-BFF17FA890D5}.Release|x64.ActiveCfg = Release|x64
		{29845454-472C-4F3C-A2FB-BFF17FA890D5}.Release|x64.Build.0 = Release|x64
		{29845454-472C-4F3C-A2FB-BFF17FA890D5}.Release|x86.ActiveCfg = Release|Win32
		{29845454-472C-4F3C-A2FB-BFF17FA890D5}.Release|x86.Build.0 = Release|Win32
		{13AF8609-452C-47BE-880A-7CD17B37B671}.Debug|x64.ActiveCfg = Debug|x64
		{13AF8609-452C-47BE-880A-7CD17B37B671}.Debug|x64.Build.0 = Debug|x64
		{13AF8609-452C-47BE-880A-7CD17B37B671}.Debug|x86.ActiveCfg = Debug|Win32
		{13AF8609-452C-47BE-880A-7CD17B37B671}.Debug|x86.Build.0 = Debug|Win32
		{13AF8609-452C-47BE-880A-7CD17B37B671}.Release|x64.ActiveCfg = Release|x64
		{13AF8609-452C-47BE-880A-7CD17B37B671}.Release|x64.Build.0 = Release|x64
		{13AF8609-452C-47BE-880A-7CD17B37B671}.Release|x86.ActiveCfg = Release|Win32
		{13AF8609-452C-47BE-880A-7CD17B37B671}.Release|x86.Build.0 = Release|Win32
	EndGlobalSection
	GlobalSection(SolutionProperties) = preSolution
		HideSolutionNode = FALSE
	EndGlobalSection
	GlobalSection(ExtensibilityGlobals) = postSolution
		SolutionGuid = {57BE8B99-6F66-44B5-9930-721E355577FC}
	EndGlobalSection
EndGlobal
